
Microsoft Visual Studio Solution File, Format Version 12.00
# Visual Studio Version 16
VisualStudioVersion = 16.0.29613.14
MinimumVisualStudioVersion = 10.0.40219.1
Project("{FAE04EC0-301F-11D3-BF4B-00C04F79EFBC}") = "Service", "Service\Service.csproj", "{53064C4C-69B6-462B-B279-E6CAC837C888}"
EndProject
Project("{FAE04EC0-301F-11D3-BF4B-00C04F79EFBC}") = "Messages", "Messages\Messages.csproj", "{7BF51EF8-D1C4-4B32-842C-2722477849BD}"
EndProject
Project("{FAE04EC0-301F-11D3-BF4B-00C04F79EFBC}") = "Domain", "Domain\Domain.csproj", "{1E54A807-B5A1-47EC-B5CC-3D8075197C52}"
EndProject
Global
	GlobalSection(SolutionConfigurationPlatforms) = preSolution
		Debug|Any CPU = Debug|Any CPU
		Release|Any CPU = Release|Any CPU
	EndGlobalSection
	GlobalSection(ProjectConfigurationPlatforms) = postSolution
		{53064C4C-69B6-462B-B279-E6CAC837C888}.Debug|Any CPU.ActiveCfg = Debug|Any CPU
		{53064C4C-69B6-462B-B279-E6CAC837C888}.Debug|Any CPU.Build.0 = Debug|Any CPU
		{53064C4C-69B6-462B-B279-E6CAC837C888}.Release|Any CPU.ActiveCfg = Release|Any CPU
		{53064C4C-69B6-462B-B279-E6CAC837C888}.Release|Any CPU.Build.0 = Release|Any CPU
		{7BF51EF8-D1C4-4B32-842C-2722477849BD}.Debug|Any CPU.ActiveCfg = Debug|Any CPU
		{7BF51EF8-D1C4-4B32-842C-2722477849BD}.Debug|Any CPU.Build.0 = Debug|Any CPU
		{7BF51EF8-D1C4-4B32-842C-2722477849BD}.Release|Any CPU.ActiveCfg = Release|Any CPU
		{7BF51EF8-D1C4-4B32-842C-2722477849BD}.Release|Any CPU.Build.0 = Release|Any CPU
		{1E54A807-B5A1-47EC-B5CC-3D8075197C52}.Debug|Any CPU.ActiveCfg = Debug|Any CPU
		{1E54A807-B5A1-47EC-B5CC-3D8075197C52}.Debug|Any CPU.Build.0 = Debug|Any CPU
		{1E54A807-B5A1-47EC-B5CC-3D8075197C52}.Release|Any CPU.ActiveCfg = Release|Any CPU
		{1E54A807-B5A1-47EC-B5CC-3D8075197C52}.Release|Any CPU.Build.0 = Release|Any CPU
	EndGlobalSection
	GlobalSection(SolutionProperties) = preSolution
		HideSolutionNode = FALSE
	EndGlobalSection
	GlobalSection(ExtensibilityGlobals) = postSolution
		SolutionGuid = {ABC9450C-53DD-4070-B633-4CF524BC148B}
	EndGlobalSection
EndGlobal
